
Microsoft Visual Studio Solution File, Format Version 12.00
# Visual Studio Version 17
VisualStudioVersion = 17.8.34511.84
MinimumVisualStudioVersion = 10.0.40219.1
Project("{9A19103F-16F7-4668-BE54-9A1E7A4F7556}") = "WebProject_Project_VI", "WebProject_Project_VI\WebProject_Project_VI.csproj", "{C4D49C17-34CD-4D22-B549-AD63E98D3D2B}"
EndProject
Project("{FAE04EC0-301F-11D3-BF4B-00C04F79EFBC}") = "Database_Tests", "Database_Tests\Database_Tests.csproj", "{4CEF8728-A65D-47C8-BF3E-A73AADE30926}"
EndProject
Global
	GlobalSection(SolutionConfigurationPlatforms) = preSolution
		Debug|Any CPU = Debug|Any CPU
		Release|Any CPU = Release|Any CPU
	EndGlobalSection
	GlobalSection(ProjectConfigurationPlatforms) = postSolution
		{C4D49C17-34CD-4D22-B549-AD63E98D3D2B}.Debug|Any CPU.ActiveCfg = Debug|Any CPU
		{C4D49C17-34CD-4D22-B549-AD63E98D3D2B}.Debug|Any CPU.Build.0 = Debug|Any CPU
		{C4D49C17-34CD-4D22-B549-AD63E98D3D2B}.Release|Any CPU.ActiveCfg = Release|Any CPU
		{C4D49C17-34CD-4D22-B549-AD63E98D3D2B}.Release|Any CPU.Build.0 = Release|Any CPU
		{4CEF8728-A65D-47C8-BF3E-A73AADE30926}.Debug|Any CPU.ActiveCfg = Debug|Any CPU
		{4CEF8728-A65D-47C8-BF3E-A73AADE30926}.Debug|Any CPU.Build.0 = Debug|Any CPU
		{4CEF8728-A65D-47C8-BF3E-A73AADE30926}.Release|Any CPU.ActiveCfg = Release|Any CPU
		{4CEF8728-A65D-47C8-BF3E-A73AADE30926}.Release|Any CPU.Build.0 = Release|Any CPU
	EndGlobalSection
	GlobalSection(SolutionProperties) = preSolution
		HideSolutionNode = FALSE
	EndGlobalSection
	GlobalSection(ExtensibilityGlobals) = postSolution
		SolutionGuid = {E00D1D59-DF8D-449C-A158-960AA11418C1}
	EndGlobalSection
EndGlobal
